
Microsoft Visual Studio Solution File, Format Version 12.00
# Visual Studio Version 16
VisualStudioVersion = 16.0.31402.337
MinimumVisualStudioVersion = 10.0.40219.1
Project("{9A19103F-16F7-4668-BE54-9A1E7A4F7556}") = "MovieApp - Business", "MovieApp - Business\MovieApp - Business.csproj", "{A83A866C-4C60-44A3-9D1E-76803E8D9B44}"
EndProject
Project("{9A19103F-16F7-4668-BE54-9A1E7A4F7556}") = "MovieApp - Data", "MovieApp - Data\MovieApp - Data.csproj", "{721F5E0A-B90F-44C4-B200-8EA336E4B017}"
EndProject
Project("{9A19103F-16F7-4668-BE54-9A1E7A4F7556}") = "MovieApp - Models", "MovieApp - Models\MovieApp - Models.csproj", "{580BF2FD-E9FE-43E3-B465-DBC2F4A6998F}"
EndProject
Project("{9A19103F-16F7-4668-BE54-9A1E7A4F7556}") = "MovieApp", "MovieApp\MovieApp.csproj", "{5DA2D24F-67DE-481E-B2CA-0EAFF6C6AE0C}"
EndProject
Global
	GlobalSection(SolutionConfigurationPlatforms) = preSolution
		Debug|Any CPU = Debug|Any CPU
		Release|Any CPU = Release|Any CPU
	EndGlobalSection
	GlobalSection(ProjectConfigurationPlatforms) = postSolution
		{A83A866C-4C60-44A3-9D1E-76803E8D9B44}.Debug|Any CPU.ActiveCfg = Debug|Any CPU
		{A83A866C-4C60-44A3-9D1E-76803E8D9B44}.Debug|Any CPU.Build.0 = Debug|Any CPU
		{A83A866C-4C60-44A3-9D1E-76803E8D9B44}.Release|Any CPU.ActiveCfg = Release|Any CPU
		{A83A866C-4C60-44A3-9D1E-76803E8D9B44}.Release|Any CPU.Build.0 = Release|Any CPU
		{721F5E0A-B90F-44C4-B200-8EA336E4B017}.Debug|Any CPU.ActiveCfg = Debug|Any CPU
		{721F5E0A-B90F-44C4-B200-8EA336E4B017}.Debug|Any CPU.Build.0 = Debug|Any CPU
		{721F5E0A-B90F-44C4-B200-8EA336E4B017}.Release|Any CPU.ActiveCfg = Release|Any CPU
		{721F5E0A-B90F-44C4-B200-8EA336E4B017}.Release|Any CPU.Build.0 = Release|Any CPU
		{580BF2FD-E9FE-43E3-B465-DBC2F4A6998F}.Debug|Any CPU.ActiveCfg = Debug|Any CPU
		{580BF2FD-E9FE-43E3-B465-DBC2F4A6998F}.Debug|Any CPU.Build.0 = Debug|Any CPU
		{580BF2FD-E9FE-43E3-B465-DBC2F4A6998F}.Release|Any CPU.ActiveCfg = Release|Any CPU
		{580BF2FD-E9FE-43E3-B465-DBC2F4A6998F}.Release|Any CPU.Build.0 = Release|Any CPU
		{5DA2D24F-67DE-481E-B2CA-0EAFF6C6AE0C}.Debug|Any CPU.ActiveCfg = Debug|Any CPU
		{5DA2D24F-67DE-481E-B2CA-0EAFF6C6AE0C}.Debug|Any CPU.Build.0 = Debug|Any CPU
		{5DA2D24F-67DE-481E-B2CA-0EAFF6C6AE0C}.Release|Any CPU.ActiveCfg = Release|Any CPU
		{5DA2D24F-67DE-481E-B2CA-0EAFF6C6AE0C}.Release|Any CPU.Build.0 = Release|Any CPU
	EndGlobalSection
	GlobalSection(SolutionProperties) = preSolution
		HideSolutionNode = FALSE
	EndGlobalSection
	GlobalSection(ExtensibilityGlobals) = postSolution
		SolutionGuid = {EBE59DFD-6933-4B9A-890C-4B444CF3FC6C}
	EndGlobalSection
EndGlobal
